// !$*UTF8*$!
{
	archiveVersion = 1;
	classes = {
	};
	objectVersion = 56;
	objects = {

/* Begin PBXBuildFile section */
		08094E1E295265D3008B93B7 /* SignInOptionsViewController.swift in Sources */ = {isa = PBXBuildFile; fileRef = 08094E1D295265D3008B93B7 /* SignInOptionsViewController.swift */; };
		08094E20295269C0008B93B7 /* LoginPageBuilder.swift in Sources */ = {isa = PBXBuildFile; fileRef = 08094E1F295269C0008B93B7 /* LoginPageBuilder.swift */; };
		08094E2329526EAB008B93B7 /* CustomButton.swift in Sources */ = {isa = PBXBuildFile; fileRef = 08094E2229526EAB008B93B7 /* CustomButton.swift */; };
		08B40A492950E7CB00CDD9CB /* AppDelegate.swift in Sources */ = {isa = PBXBuildFile; fileRef = 08B40A482950E7CB00CDD9CB /* AppDelegate.swift */; };
		08B40A4B2950E7CB00CDD9CB /* SceneDelegate.swift in Sources */ = {isa = PBXBuildFile; fileRef = 08B40A4A2950E7CB00CDD9CB /* SceneDelegate.swift */; };
		08B40A4D2950E7CB00CDD9CB /* ViewController.swift in Sources */ = {isa = PBXBuildFile; fileRef = 08B40A4C2950E7CB00CDD9CB /* ViewController.swift */; };
		08B40A522950E7CC00CDD9CB /* Assets.xcassets in Resources */ = {isa = PBXBuildFile; fileRef = 08B40A512950E7CC00CDD9CB /* Assets.xcassets */; };
		08B40A552950E7CC00CDD9CB /* LaunchScreen.storyboard in Resources */ = {isa = PBXBuildFile; fileRef = 08B40A532950E7CC00CDD9CB /* LaunchScreen.storyboard */; };
		08B40A5F2950E8DD00CDD9CB /* LoginPageViewController.swift in Sources */ = {isa = PBXBuildFile; fileRef = 08B40A5E2950E8DD00CDD9CB /* LoginPageViewController.swift */; };
		08B40A612951049600CDD9CB /* LoginPageContracts.swift in Sources */ = {isa = PBXBuildFile; fileRef = 08B40A602951049600CDD9CB /* LoginPageContracts.swift */; };
		08B40A63295104DB00CDD9CB /* LoginPageViewModel.swift in Sources */ = {isa = PBXBuildFile; fileRef = 08B40A62295104DB00CDD9CB /* LoginPageViewModel.swift */; };
		08C7519B29565488001D82F5 /* SignInOptionsViewModel.swift in Sources */ = {isa = PBXBuildFile; fileRef = 08C7519A29565488001D82F5 /* SignInOptionsViewModel.swift */; };
		08C7519E295654B1001D82F5 /* SignInOptionsContracts.swift in Sources */ = {isa = PBXBuildFile; fileRef = 08C7519D295654B1001D82F5 /* SignInOptionsContracts.swift */; };
		08C751A0295654CD001D82F5 /* SignInOptionsBuilder.swift in Sources */ = {isa = PBXBuildFile; fileRef = 08C7519F295654CD001D82F5 /* SignInOptionsBuilder.swift */; };
		08D5AFD529551BB200E9B489 /* SignInWithEmailViewController.swift in Sources */ = {isa = PBXBuildFile; fileRef = 08D5AFD429551BB200E9B489 /* SignInWithEmailViewController.swift */; };
/* End PBXBuildFile section */

/* Begin PBXFileReference section */
		08094E1D295265D3008B93B7 /* SignInOptionsViewController.swift */ = {isa = PBXFileReference; lastKnownFileType = sourcecode.swift; path = SignInOptionsViewController.swift; sourceTree = "<group>"; };
		08094E1F295269C0008B93B7 /* LoginPageBuilder.swift */ = {isa = PBXFileReference; lastKnownFileType = sourcecode.swift; path = LoginPageBuilder.swift; sourceTree = "<group>"; };
		08094E2229526EAB008B93B7 /* CustomButton.swift */ = {isa = PBXFileReference; lastKnownFileType = sourcecode.swift; path = CustomButton.swift; sourceTree = "<group>"; };
		08B40A452950E7CB00CDD9CB /* imokey.app */ = {isa = PBXFileReference; explicitFileType = wrapper.application; includeInIndex = 0; path = imokey.app; sourceTree = BUILT_PRODUCTS_DIR; };
		08B40A482950E7CB00CDD9CB /* AppDelegate.swift */ = {isa = PBXFileReference; lastKnownFileType = sourcecode.swift; path = AppDelegate.swift; sourceTree = "<group>"; };
		08B40A4A2950E7CB00CDD9CB /* SceneDelegate.swift */ = {isa = PBXFileReference; lastKnownFileType = sourcecode.swift; path = SceneDelegate.swift; sourceTree = "<group>"; };
		08B40A4C2950E7CB00CDD9CB /* ViewController.swift */ = {isa = PBXFileReference; lastKnownFileType = sourcecode.swift; path = ViewController.swift; sourceTree = "<group>"; };
		08B40A512950E7CC00CDD9CB /* Assets.xcassets */ = {isa = PBXFileReference; lastKnownFileType = folder.assetcatalog; path = Assets.xcassets; sourceTree = "<group>"; };
		08B40A542950E7CC00CDD9CB /* Base */ = {isa = PBXFileReference; lastKnownFileType = file.storyboard; name = Base; path = Base.lproj/LaunchScreen.storyboard; sourceTree = "<group>"; };
		08B40A562950E7CC00CDD9CB /* Info.plist */ = {isa = PBXFileReference; lastKnownFileType = text.plist.xml; path = Info.plist; sourceTree = "<group>"; };
		08B40A5E2950E8DD00CDD9CB /* LoginPageViewController.swift */ = {isa = PBXFileReference; lastKnownFileType = sourcecode.swift; path = LoginPageViewController.swift; sourceTree = "<group>"; };
		08B40A602951049600CDD9CB /* LoginPageContracts.swift */ = {isa = PBXFileReference; lastKnownFileType = sourcecode.swift; path = LoginPageContracts.swift; sourceTree = "<group>"; };
		08B40A62295104DB00CDD9CB /* LoginPageViewModel.swift */ = {isa = PBXFileReference; lastKnownFileType = sourcecode.swift; path = LoginPageViewModel.swift; sourceTree = "<group>"; };
		08C7519A29565488001D82F5 /* SignInOptionsViewModel.swift */ = {isa = PBXFileReference; lastKnownFileType = sourcecode.swift; path = SignInOptionsViewModel.swift; sourceTree = "<group>"; };
		08C7519D295654B1001D82F5 /* SignInOptionsContracts.swift */ = {isa = PBXFileReference; lastKnownFileType = sourcecode.swift; path = SignInOptionsContracts.swift; sourceTree = "<group>"; };
		08C7519F295654CD001D82F5 /* SignInOptionsBuilder.swift */ = {isa = PBXFileReference; lastKnownFileType = sourcecode.swift; path = SignInOptionsBuilder.swift; sourceTree = "<group>"; };
		08D5AFD429551BB200E9B489 /* SignInWithEmailViewController.swift */ = {isa = PBXFileReference; lastKnownFileType = sourcecode.swift; path = SignInWithEmailViewController.swift; sourceTree = "<group>"; };
/* End PBXFileReference section */

/* Begin PBXFrameworksBuildPhase section */
		08B40A422950E7CB00CDD9CB /* Frameworks */ = {
			isa = PBXFrameworksBuildPhase;
			buildActionMask = 2147483647;
			files = (
			);
			runOnlyForDeploymentPostprocessing = 0;
		};
/* End PBXFrameworksBuildPhase section */

/* Begin PBXGroup section */
		08094E1C295265BE008B93B7 /* SignInOptions */ = {
			isa = PBXGroup;
			children = (
				08C7519C29565491001D82F5 /* LoginWithEmail */,
				08094E1D295265D3008B93B7 /* SignInOptionsViewController.swift */,
				08C7519A29565488001D82F5 /* SignInOptionsViewModel.swift */,
				08C7519D295654B1001D82F5 /* SignInOptionsContracts.swift */,
				08C7519F295654CD001D82F5 /* SignInOptionsBuilder.swift */,
			);
			path = SignInOptions;
			sourceTree = "<group>";
		};
		08094E2129526E8D008B93B7 /* Component */ = {
			isa = PBXGroup;
			children = (
				08094E2229526EAB008B93B7 /* CustomButton.swift */,
			);
			path = Component;
			sourceTree = "<group>";
		};
		08B40A3C2950E7CB00CDD9CB = {
			isa = PBXGroup;
			children = (
				08B40A472950E7CB00CDD9CB /* imokey */,
				08B40A462950E7CB00CDD9CB /* Products */,
			);
			sourceTree = "<group>";
		};
		08B40A462950E7CB00CDD9CB /* Products */ = {
			isa = PBXGroup;
			children = (
				08B40A452950E7CB00CDD9CB /* imokey.app */,
			);
			name = Products;
			sourceTree = "<group>";
		};
		08B40A472950E7CB00CDD9CB /* imokey */ = {
			isa = PBXGroup;
			children = (
				08094E2129526E8D008B93B7 /* Component */,
				08B40A5C2950E89900CDD9CB /* View */,
				08B40A482950E7CB00CDD9CB /* AppDelegate.swift */,
				08B40A4A2950E7CB00CDD9CB /* SceneDelegate.swift */,
				08B40A4C2950E7CB00CDD9CB /* ViewController.swift */,
				08B40A512950E7CC00CDD9CB /* Assets.xcassets */,
				08B40A532950E7CC00CDD9CB /* LaunchScreen.storyboard */,
				08B40A562950E7CC00CDD9CB /* Info.plist */,
			);
			path = imokey;
			sourceTree = "<group>";
		};
		08B40A5C2950E89900CDD9CB /* View */ = {
			isa = PBXGroup;
			children = (
				08B40A5D2950E8A800CDD9CB /* Login */,
			);
			path = View;
			sourceTree = "<group>";
		};
		08B40A5D2950E8A800CDD9CB /* Login */ = {
			isa = PBXGroup;
			children = (
				08C751A129566BBB001D82F5 /* RegisterOption */,
				08094E1C295265BE008B93B7 /* SignInOptions */,
				08B40A5E2950E8DD00CDD9CB /* LoginPageViewController.swift */,
				08B40A602951049600CDD9CB /* LoginPageContracts.swift */,
				08B40A62295104DB00CDD9CB /* LoginPageViewModel.swift */,
				08094E1F295269C0008B93B7 /* LoginPageBuilder.swift */,
			);
			path = Login;
			sourceTree = "<group>";
		};
		08C7519C29565491001D82F5 /* LoginWithEmail */ = {
			isa = PBXGroup;
			children = (
				08D5AFD429551BB200E9B489 /* SignInWithEmailViewController.swift */,
			);
			path = LoginWithEmail;
			sourceTree = "<group>";
		};
		08C751A129566BBB001D82F5 /* RegisterOption */ = {
			isa = PBXGroup;
			children = (
			);
			path = RegisterOption;
			sourceTree = "<group>";
		};
/* End PBXGroup section */

/* Begin PBXNativeTarget section */
		08B40A442950E7CB00CDD9CB /* imokey */ = {
			isa = PBXNativeTarget;
			buildConfigurationList = 08B40A592950E7CC00CDD9CB /* Build configuration list for PBXNativeTarget "imokey" */;
			buildPhases = (
				08B40A412950E7CB00CDD9CB /* Sources */,
				08B40A422950E7CB00CDD9CB /* Frameworks */,
				08B40A432950E7CB00CDD9CB /* Resources */,
			);
			buildRules = (
			);
			dependencies = (
			);
			name = imokey;
			productName = imokey;
			productReference = 08B40A452950E7CB00CDD9CB /* imokey.app */;
			productType = "com.apple.product-type.application";
		};
/* End PBXNativeTarget section */

/* Begin PBXProject section */
		08B40A3D2950E7CB00CDD9CB /* Project object */ = {
			isa = PBXProject;
			attributes = {
				BuildIndependentTargetsInParallel = 1;
				LastSwiftUpdateCheck = 1400;
				LastUpgradeCheck = 1400;
				TargetAttributes = {
					08B40A442950E7CB00CDD9CB = {
						CreatedOnToolsVersion = 14.0.1;
					};
				};
			};
			buildConfigurationList = 08B40A402950E7CB00CDD9CB /* Build configuration list for PBXProject "imokey" */;
			compatibilityVersion = "Xcode 14.0";
			developmentRegion = en;
			hasScannedForEncodings = 0;
			knownRegions = (
				en,
				Base,
			);
			mainGroup = 08B40A3C2950E7CB00CDD9CB;
			productRefGroup = 08B40A462950E7CB00CDD9CB /* Products */;
			projectDirPath = "";
			projectRoot = "";
			targets = (
				08B40A442950E7CB00CDD9CB /* imokey */,
			);
		};
/* End PBXProject section */

/* Begin PBXResourcesBuildPhase section */
		08B40A432950E7CB00CDD9CB /* Resources */ = {
			isa = PBXResourcesBuildPhase;
			buildActionMask = 2147483647;
			files = (
				08B40A552950E7CC00CDD9CB /* LaunchScreen.storyboard in Resources */,
				08B40A522950E7CC00CDD9CB /* Assets.xcassets in Resources */,
			);
			runOnlyForDeploymentPostprocessing = 0;
		};
/* End PBXResourcesBuildPhase section */

/* Begin PBXSourcesBuildPhase section */
		08B40A412950E7CB00CDD9CB /* Sources */ = {
			isa = PBXSourcesBuildPhase;
			buildActionMask = 2147483647;
			files = (
				08C7519E295654B1001D82F5 /* SignInOptionsContracts.swift in Sources */,
				08B40A4D2950E7CB00CDD9CB /* ViewController.swift in Sources */,
				08094E1E295265D3008B93B7 /* SignInOptionsViewController.swift in Sources */,
				08094E2329526EAB008B93B7 /* CustomButton.swift in Sources */,
				08B40A5F2950E8DD00CDD9CB /* LoginPageViewController.swift in Sources */,
				08B40A492950E7CB00CDD9CB /* AppDelegate.swift in Sources */,
				08C751A0295654CD001D82F5 /* SignInOptionsBuilder.swift in Sources */,
				08B40A4B2950E7CB00CDD9CB /* SceneDelegate.swift in Sources */,
				08C7519B29565488001D82F5 /* SignInOptionsViewModel.swift in Sources */,
				08B40A612951049600CDD9CB /* LoginPageContracts.swift in Sources */,
				08D5AFD529551BB200E9B489 /* SignInWithEmailViewController.swift in Sources */,
				08094E20295269C0008B93B7 /* LoginPageBuilder.swift in Sources */,
				08B40A63295104DB00CDD9CB /* LoginPageViewModel.swift in Sources */,
			);
			runOnlyForDeploymentPostprocessing = 0;
		};
/* End PBXSourcesBuildPhase section */

/* Begin PBXVariantGroup section */
		08B40A532950E7CC00CDD9CB /* LaunchScreen.storyboard */ = {
			isa = PBXVariantGroup;
			children = (
				08B40A542950E7CC00CDD9CB /* Base */,
			);
			name = LaunchScreen.storyboard;
			sourceTree = "<group>";
		};
/* End PBXVariantGroup section */

/* Begin XCBuildConfiguration section */
		08B40A572950E7CC00CDD9CB /* Debug */ = {
			isa = XCBuildConfiguration;
			buildSettings = {
				ALWAYS_SEARCH_USER_PATHS = NO;
				CLANG_ANALYZER_NONNULL = YES;
				CLANG_ANALYZER_NUMBER_OBJECT_CONVERSION = YES_AGGRESSIVE;
				CLANG_CXX_LANGUAGE_STANDARD = "gnu++20";
				CLANG_ENABLE_MODULES = YES;
				CLANG_ENABLE_OBJC_ARC = YES;
				CLANG_ENABLE_OBJC_WEAK = YES;
				CLANG_WARN_BLOCK_CAPTURE_AUTORELEASING = YES;
				CLANG_WARN_BOOL_CONVERSION = YES;
				CLANG_WARN_COMMA = YES;
				CLANG_WARN_CONSTANT_CONVERSION = YES;
				CLANG_WARN_DEPRECATED_OBJC_IMPLEMENTATIONS = YES;
				CLANG_WARN_DIRECT_OBJC_ISA_USAGE = YES_ERROR;
				CLANG_WARN_DOCUMENTATION_COMMENTS = YES;
				CLANG_WARN_EMPTY_BODY = YES;
				CLANG_WARN_ENUM_CONVERSION = YES;
				CLANG_WARN_INFINITE_RECURSION = YES;
				CLANG_WARN_INT_CONVERSION = YES;
				CLANG_WARN_NON_LITERAL_NULL_CONVERSION = YES;
				CLANG_WARN_OBJC_IMPLICIT_RETAIN_SELF = YES;
				CLANG_WARN_OBJC_LITERAL_CONVERSION = YES;
				CLANG_WARN_OBJC_ROOT_CLASS = YES_ERROR;
				CLANG_WARN_QUOTED_INCLUDE_IN_FRAMEWORK_HEADER = YES;
				CLANG_WARN_RANGE_LOOP_ANALYSIS = YES;
				CLANG_WARN_STRICT_PROTOTYPES = YES;
				CLANG_WARN_SUSPICIOUS_MOVE = YES;
				CLANG_WARN_UNGUARDED_AVAILABILITY = YES_AGGRESSIVE;
				CLANG_WARN_UNREACHABLE_CODE = YES;
				CLANG_WARN__DUPLICATE_METHOD_MATCH = YES;
				COPY_PHASE_STRIP = NO;
				DEBUG_INFORMATION_FORMAT = dwarf;
				ENABLE_STRICT_OBJC_MSGSEND = YES;
				ENABLE_TESTABILITY = YES;
				GCC_C_LANGUAGE_STANDARD = gnu11;
				GCC_DYNAMIC_NO_PIC = NO;
				GCC_NO_COMMON_BLOCKS = YES;
				GCC_OPTIMIZATION_LEVEL = 0;
				GCC_PREPROCESSOR_DEFINITIONS = (
					"DEBUG=1",
					"$(inherited)",
				);
				GCC_WARN_64_TO_32_BIT_CONVERSION = YES;
				GCC_WARN_ABOUT_RETURN_TYPE = YES_ERROR;
				GCC_WARN_UNDECLARED_SELECTOR = YES;
				GCC_WARN_UNINITIALIZED_AUTOS = YES_AGGRESSIVE;
				GCC_WARN_UNUSED_FUNCTION = YES;
				GCC_WARN_UNUSED_VARIABLE = YES;
				IPHONEOS_DEPLOYMENT_TARGET = 16.0;
				MTL_ENABLE_DEBUG_INFO = INCLUDE_SOURCE;
				MTL_FAST_MATH = YES;
				ONLY_ACTIVE_ARCH = YES;
				SDKROOT = iphoneos;
				SWIFT_ACTIVE_COMPILATION_CONDITIONS = DEBUG;
				SWIFT_OPTIMIZATION_LEVEL = "-Onone";
			};
			name = Debug;
		};
		08B40A582950E7CC00CDD9CB /* Release */ = {
			isa = XCBuildConfiguration;
			buildSettings = {
				ALWAYS_SEARCH_USER_PATHS = NO;
				CLANG_ANALYZER_NONNULL = YES;
				CLANG_ANALYZER_NUMBER_OBJECT_CONVERSION = YES_AGGRESSIVE;
				CLANG_CXX_LANGUAGE_STANDARD = "gnu++20";
				CLANG_ENABLE_MODULES = YES;
				CLANG_ENABLE_OBJC_ARC = YES;
				CLANG_ENABLE_OBJC_WEAK = YES;
				CLANG_WARN_BLOCK_CAPTURE_AUTORELEASING = YES;
				CLANG_WARN_BOOL_CONVERSION = YES;
				CLANG_WARN_COMMA = YES;
				CLANG_WARN_CONSTANT_CONVERSION = YES;
				CLANG_WARN_DEPRECATED_OBJC_IMPLEMENTATIONS = YES;
				CLANG_WARN_DIRECT_OBJC_ISA_USAGE = YES_ERROR;
				CLANG_WARN_DOCUMENTATION_COMMENTS = YES;
				CLANG_WARN_EMPTY_BODY = YES;
				CLANG_WARN_ENUM_CONVERSION = YES;
				CLANG_WARN_INFINITE_RECURSION = YES;
				CLANG_WARN_INT_CONVERSION = YES;
				CLANG_WARN_NON_LITERAL_NULL_CONVERSION = YES;
				CLANG_WARN_OBJC_IMPLICIT_RETAIN_SELF = YES;
				CLANG_WARN_OBJC_LITERAL_CONVERSION = YES;
				CLANG_WARN_OBJC_ROOT_CLASS = YES_ERROR;
				CLANG_WARN_QUOTED_INCLUDE_IN_FRAMEWORK_HEADER = YES;
				CLANG_WARN_RANGE_LOOP_ANALYSIS = YES;
				CLANG_WARN_STRICT_PROTOTYPES = YES;
				CLANG_WARN_SUSPICIOUS_MOVE = YES;
				CLANG_WARN_UNGUARDED_AVAILABILITY = YES_AGGRESSIVE;
				CLANG_WARN_UNREACHABLE_CODE = YES;
				CLANG_WARN__DUPLICATE_METHOD_MATCH = YES;
				COPY_PHASE_STRIP = NO;
				DEBUG_INFORMATION_FORMAT = "dwarf-with-dsym";
				ENABLE_NS_ASSERTIONS = NO;
				ENABLE_STRICT_OBJC_MSGSEND = YES;
				GCC_C_LANGUAGE_STANDARD = gnu11;
				GCC_NO_COMMON_BLOCKS = YES;
				GCC_WARN_64_TO_32_BIT_CONVERSION = YES;
				GCC_WARN_ABOUT_RETURN_TYPE = YES_ERROR;
				GCC_WARN_UNDECLARED_SELECTOR = YES;
				GCC_WARN_UNINITIALIZED_AUTOS = YES_AGGRESSIVE;
				GCC_WARN_UNUSED_FUNCTION = YES;
				GCC_WARN_UNUSED_VARIABLE = YES;
				IPHONEOS_DEPLOYMENT_TARGET = 16.0;
				MTL_ENABLE_DEBUG_INFO = NO;
				MTL_FAST_MATH = YES;
				SDKROOT = iphoneos;
				SWIFT_COMPILATION_MODE = wholemodule;
				SWIFT_OPTIMIZATION_LEVEL = "-O";
				VALIDATE_PRODUCT = YES;
			};
			name = Release;
		};
		08B40A5A2950E7CC00CDD9CB /* Debug */ = {
			isa = XCBuildConfiguration;
			buildSettings = {
				ASSETCATALOG_COMPILER_APPICON_NAME = AppIcon;
				ASSETCATALOG_COMPILER_GLOBAL_ACCENT_COLOR_NAME = AccentColor;
				CODE_SIGN_STYLE = Automatic;
				CURRENT_PROJECT_VERSION = 1;
				DEVELOPMENT_TEAM = HRD7AXL786;
				GENERATE_INFOPLIST_FILE = YES;
				INFOPLIST_FILE = imokey/Info.plist;
				INFOPLIST_KEY_UIApplicationSupportsIndirectInputEvents = YES;
				INFOPLIST_KEY_UILaunchStoryboardName = LaunchScreen;
				INFOPLIST_KEY_UISupportedInterfaceOrientations_iPad = "UIInterfaceOrientationPortrait UIInterfaceOrientationPortraitUpsideDown UIInterfaceOrientationLandscapeLeft UIInterfaceOrientationLandscapeRight";
				INFOPLIST_KEY_UISupportedInterfaceOrientations_iPhone = "UIInterfaceOrientationPortrait UIInterfaceOrientationLandscapeLeft UIInterfaceOrientationLandscapeRight";
				LD_RUNPATH_SEARCH_PATHS = (
					"$(inherited)",
					"@executable_path/Frameworks",
				);
				MARKETING_VERSION = 1.0;
				PRODUCT_BUNDLE_IDENTIFIER = com.yucedagemre.imokey;
				PRODUCT_NAME = "$(TARGET_NAME)";
				SWIFT_EMIT_LOC_STRINGS = YES;
				SWIFT_VERSION = 5.0;
				TARGETED_DEVICE_FAMILY = "1,2";
			};
			name = Debug;
		};
		08B40A5B2950E7CC00CDD9CB /* Release */ = {
			isa = XCBuildConfiguration;
			buildSettings = {
				ASSETCATALOG_COMPILER_APPICON_NAME = AppIcon;
				ASSETCATALOG_COMPILER_GLOBAL_ACCENT_COLOR_NAME = AccentColor;
				CODE_SIGN_STYLE = Automatic;
				CURRENT_PROJECT_VERSION = 1;
				DEVELOPMENT_TEAM = HRD7AXL786;
				GENERATE_INFOPLIST_FILE = YES;
				INFOPLIST_FILE = imokey/Info.plist;
				INFOPLIST_KEY_UIApplicationSupportsIndirectInputEvents = YES;
				INFOPLIST_KEY_UILaunchStoryboardName = LaunchScreen;
				INFOPLIST_KEY_UISupportedInterfaceOrientations_iPad = "UIInterfaceOrientationPortrait UIInterfaceOrientationPortraitUpsideDown UIInterfaceOrientationLandscapeLeft UIInterfaceOrientationLandscapeRight";
				INFOPLIST_KEY_UISupportedInterfaceOrientations_iPhone = "UIInterfaceOrientationPortrait UIInterfaceOrientationLandscapeLeft UIInterfaceOrientationLandscapeRight";
				LD_RUNPATH_SEARCH_PATHS = (
					"$(inherited)",
					"@executable_path/Frameworks",
				);
				MARKETING_VERSION = 1.0;
				PRODUCT_BUNDLE_IDENTIFIER = com.yucedagemre.imokey;
				PRODUCT_NAME = "$(TARGET_NAME)";
				SWIFT_EMIT_LOC_STRINGS = YES;
				SWIFT_VERSION = 5.0;
				TARGETED_DEVICE_FAMILY = "1,2";
			};
			name = Release;
		};
/* End XCBuildConfiguration section */

/* Begin XCConfigurationList section */
		08B40A402950E7CB00CDD9CB /* Build configuration list for PBXProject "imokey" */ = {
			isa = XCConfigurationList;
			buildConfigurations = (
				08B40A572950E7CC00CDD9CB /* Debug */,
				08B40A582950E7CC00CDD9CB /* Release */,
			);
			defaultConfigurationIsVisible = 0;
			defaultConfigurationName = Release;
		};
		08B40A592950E7CC00CDD9CB /* Build configuration list for PBXNativeTarget "imokey" */ = {
			isa = XCConfigurationList;
			buildConfigurations = (
				08B40A5A2950E7CC00CDD9CB /* Debug */,
				08B40A5B2950E7CC00CDD9CB /* Release */,
			);
			defaultConfigurationIsVisible = 0;
			defaultConfigurationName = Release;
		};
/* End XCConfigurationList section */
	};
	rootObject = 08B40A3D2950E7CB00CDD9CB /* Project object */;
}
