// !$*UTF8*$!
{
	archiveVersion = 1;
	classes = {
	};
	objectVersion = 56;
	objects = {

/* Begin PBXBuildFile section */
		08030138296DEDA3009B839C /* Coordinator.swift in Sources */ = {isa = PBXBuildFile; fileRef = 08030137296DEDA3009B839C /* Coordinator.swift */; };
		0803013A296DEDF2009B839C /* MainCoordinator.swift in Sources */ = {isa = PBXBuildFile; fileRef = 08030139296DEDF2009B839C /* MainCoordinator.swift */; };
		0806F2E42964C97E009D5149 /* FirebaseAnalytics in Frameworks */ = {isa = PBXBuildFile; productRef = 0806F2E32964C97E009D5149 /* FirebaseAnalytics */; };
		0806F2E62964C97E009D5149 /* FirebaseAuth in Frameworks */ = {isa = PBXBuildFile; productRef = 0806F2E52964C97E009D5149 /* FirebaseAuth */; };
		0806F2E82964C97E009D5149 /* FirebaseFirestore in Frameworks */ = {isa = PBXBuildFile; productRef = 0806F2E72964C97E009D5149 /* FirebaseFirestore */; };
		0806F2EA2964C97E009D5149 /* FirebaseFirestoreSwift in Frameworks */ = {isa = PBXBuildFile; productRef = 0806F2E92964C97E009D5149 /* FirebaseFirestoreSwift */; };
		08094E1E295265D3008B93B7 /* SignInOptionsViewController.swift in Sources */ = {isa = PBXBuildFile; fileRef = 08094E1D295265D3008B93B7 /* SignInOptionsViewController.swift */; };
		08094E20295269C0008B93B7 /* LoginPageBuilder.swift in Sources */ = {isa = PBXBuildFile; fileRef = 08094E1F295269C0008B93B7 /* LoginPageBuilder.swift */; };
		08094E2329526EAB008B93B7 /* CustomButton.swift in Sources */ = {isa = PBXBuildFile; fileRef = 08094E2229526EAB008B93B7 /* CustomButton.swift */; };
		08265B7B295DE65A00B04C07 /* SignInError.swift in Sources */ = {isa = PBXBuildFile; fileRef = 08265B7A295DE65A00B04C07 /* SignInError.swift */; };
		08265B7D295DE68F00B04C07 /* FirebaseSignIn.swift in Sources */ = {isa = PBXBuildFile; fileRef = 08265B7C295DE68F00B04C07 /* FirebaseSignIn.swift */; };
		0846442C296CC5D90039A60B /* UITextView+ext.swift in Sources */ = {isa = PBXBuildFile; fileRef = 0846442B296CC5D90039A60B /* UITextView+ext.swift */; };
		0846442E296CC8710039A60B /* Memory.swift in Sources */ = {isa = PBXBuildFile; fileRef = 0846442D296CC8710039A60B /* Memory.swift */; };
		08464431296CCAE40039A60B /* AudioServiceProtocol.swift in Sources */ = {isa = PBXBuildFile; fileRef = 08464430296CCAE40039A60B /* AudioServiceProtocol.swift */; };
		084869C1295A1C260006820C /* SignInWithEmailContracts.swift in Sources */ = {isa = PBXBuildFile; fileRef = 084869C0295A1C260006820C /* SignInWithEmailContracts.swift */; };
		084869C3295A1C350006820C /* SignInWithEmailViewModel.swift in Sources */ = {isa = PBXBuildFile; fileRef = 084869C2295A1C350006820C /* SignInWithEmailViewModel.swift */; };
		084869C5295A1C460006820C /* SignInWithEmailBuilder.swift in Sources */ = {isa = PBXBuildFile; fileRef = 084869C4295A1C460006820C /* SignInWithEmailBuilder.swift */; };
		084869C8295A2AF60006820C /* Color+ext.swift in Sources */ = {isa = PBXBuildFile; fileRef = 084869C7295A2AF60006820C /* Color+ext.swift */; };
		084869CA295A48E50006820C /* RegisterBuilder.swift in Sources */ = {isa = PBXBuildFile; fileRef = 084869C9295A48E50006820C /* RegisterBuilder.swift */; };
		084869CC295A498E0006820C /* RegisterContracts.swift in Sources */ = {isa = PBXBuildFile; fileRef = 084869CB295A498E0006820C /* RegisterContracts.swift */; };
		084869CE295A49D00006820C /* RegisterViewModel.swift in Sources */ = {isa = PBXBuildFile; fileRef = 084869CD295A49D00006820C /* RegisterViewModel.swift */; };
		084869D1295A500D0006820C /* HomeViewController.swift in Sources */ = {isa = PBXBuildFile; fileRef = 084869D0295A500D0006820C /* HomeViewController.swift */; };
		084869D3295A505B0006820C /* HomeBuilder.swift in Sources */ = {isa = PBXBuildFile; fileRef = 084869D2295A505B0006820C /* HomeBuilder.swift */; };
		084869D5295A50FF0006820C /* HomeViewModel.swift in Sources */ = {isa = PBXBuildFile; fileRef = 084869D4295A50FF0006820C /* HomeViewModel.swift */; };
		084869D7295A510F0006820C /* HomeContracts.swift in Sources */ = {isa = PBXBuildFile; fileRef = 084869D6295A510F0006820C /* HomeContracts.swift */; };
		085EF468296FB907009D022A /* NewMemoryCoordinator.swift in Sources */ = {isa = PBXBuildFile; fileRef = 085EF467296FB907009D022A /* NewMemoryCoordinator.swift */; };
		085EF46A296FC697009D022A /* NewMemoryCoordinatorProtocol.swift in Sources */ = {isa = PBXBuildFile; fileRef = 085EF469296FC697009D022A /* NewMemoryCoordinatorProtocol.swift */; };
		08709EFE295B670E00AD8C78 /* GoogleService-Info.plist in Resources */ = {isa = PBXBuildFile; fileRef = 08709EFD295B670E00AD8C78 /* GoogleService-Info.plist */; };
		08709F09295B725800AD8C78 /* AuthService.swift in Sources */ = {isa = PBXBuildFile; fileRef = 08709F08295B725800AD8C78 /* AuthService.swift */; };
		08709F0C295B7E6400AD8C78 /* SignInProvider.swift in Sources */ = {isa = PBXBuildFile; fileRef = 08709F0B295B7E6400AD8C78 /* SignInProvider.swift */; };
		08709F0F295B7EF500AD8C78 /* FirebaseRegister.swift in Sources */ = {isa = PBXBuildFile; fileRef = 08709F0E295B7EF500AD8C78 /* FirebaseRegister.swift */; };
		08709F12295B86EB00AD8C78 /* User.swift in Sources */ = {isa = PBXBuildFile; fileRef = 08709F11295B86EB00AD8C78 /* User.swift */; };
		087E996F295CC7E000C7437E /* LoadingViewController.swift in Sources */ = {isa = PBXBuildFile; fileRef = 087E996E295CC7E000C7437E /* LoadingViewController.swift */; };
		087E9971295CC86200C7437E /* LoadingBuilder.swift in Sources */ = {isa = PBXBuildFile; fileRef = 087E9970295CC86200C7437E /* LoadingBuilder.swift */; };
		087E9973295CEF9700C7437E /* RegisterError.swift in Sources */ = {isa = PBXBuildFile; fileRef = 087E9972295CEF9700C7437E /* RegisterError.swift */; };
		087E9975295CEFBC00C7437E /* RegisterError+ext.swift in Sources */ = {isa = PBXBuildFile; fileRef = 087E9974295CEFBC00C7437E /* RegisterError+ext.swift */; };
		088FE0AD296209E000A700E4 /* SingInError+ext.swift in Sources */ = {isa = PBXBuildFile; fileRef = 088FE0AC296209E000A700E4 /* SingInError+ext.swift */; };
		0899A8AF29705B3000814711 /* AudioService.swift in Sources */ = {isa = PBXBuildFile; fileRef = 0899A8AE29705B3000814711 /* AudioService.swift */; };
		08B40A492950E7CB00CDD9CB /* AppDelegate.swift in Sources */ = {isa = PBXBuildFile; fileRef = 08B40A482950E7CB00CDD9CB /* AppDelegate.swift */; };
		08B40A4B2950E7CB00CDD9CB /* SceneDelegate.swift in Sources */ = {isa = PBXBuildFile; fileRef = 08B40A4A2950E7CB00CDD9CB /* SceneDelegate.swift */; };
		08B40A522950E7CC00CDD9CB /* Assets.xcassets in Resources */ = {isa = PBXBuildFile; fileRef = 08B40A512950E7CC00CDD9CB /* Assets.xcassets */; };
		08B40A552950E7CC00CDD9CB /* LaunchScreen.storyboard in Resources */ = {isa = PBXBuildFile; fileRef = 08B40A532950E7CC00CDD9CB /* LaunchScreen.storyboard */; };
		08B40A5F2950E8DD00CDD9CB /* LoginPageViewController.swift in Sources */ = {isa = PBXBuildFile; fileRef = 08B40A5E2950E8DD00CDD9CB /* LoginPageViewController.swift */; };
		08B40A612951049600CDD9CB /* LoginPageContracts.swift in Sources */ = {isa = PBXBuildFile; fileRef = 08B40A602951049600CDD9CB /* LoginPageContracts.swift */; };
		08B40A63295104DB00CDD9CB /* LoginPageViewModel.swift in Sources */ = {isa = PBXBuildFile; fileRef = 08B40A62295104DB00CDD9CB /* LoginPageViewModel.swift */; };
		08C31AC32968DE8900A9F2E7 /* LocationServiceProtocol.swift in Sources */ = {isa = PBXBuildFile; fileRef = 08C31AC22968DE8900A9F2E7 /* LocationServiceProtocol.swift */; };
		08C31AC52968DEAB00A9F2E7 /* CoreLocationService.swift in Sources */ = {isa = PBXBuildFile; fileRef = 08C31AC42968DEAB00A9F2E7 /* CoreLocationService.swift */; };
		08C7519B29565488001D82F5 /* SignInOptionsViewModel.swift in Sources */ = {isa = PBXBuildFile; fileRef = 08C7519A29565488001D82F5 /* SignInOptionsViewModel.swift */; };
		08C7519E295654B1001D82F5 /* SignInOptionsContracts.swift in Sources */ = {isa = PBXBuildFile; fileRef = 08C7519D295654B1001D82F5 /* SignInOptionsContracts.swift */; };
		08C751A0295654CD001D82F5 /* SignInOptionsBuilder.swift in Sources */ = {isa = PBXBuildFile; fileRef = 08C7519F295654CD001D82F5 /* SignInOptionsBuilder.swift */; };
		08C751A329567125001D82F5 /* RegisterViewController.swift in Sources */ = {isa = PBXBuildFile; fileRef = 08C751A229567125001D82F5 /* RegisterViewController.swift */; };
		08CFA846296837160099BFE7 /* NewMemoryViewModel.swift in Sources */ = {isa = PBXBuildFile; fileRef = 08CFA845296837160099BFE7 /* NewMemoryViewModel.swift */; };
		08CFA848296838350099BFE7 /* NewMemoryViewController.swift in Sources */ = {isa = PBXBuildFile; fileRef = 08CFA847296838350099BFE7 /* NewMemoryViewController.swift */; };
		08CFA84A2968384A0099BFE7 /* NewMemoryBuilder.swift in Sources */ = {isa = PBXBuildFile; fileRef = 08CFA8492968384A0099BFE7 /* NewMemoryBuilder.swift */; };
		08CFA84C2968385F0099BFE7 /* NewMemoryContracts.swift in Sources */ = {isa = PBXBuildFile; fileRef = 08CFA84B2968385F0099BFE7 /* NewMemoryContracts.swift */; };
		08D5AFD529551BB200E9B489 /* SignInWithEmailViewController.swift in Sources */ = {isa = PBXBuildFile; fileRef = 08D5AFD429551BB200E9B489 /* SignInWithEmailViewController.swift */; };
		08E4641D295E333700F9CDCF /* EmailAndPasswordViewController.swift in Sources */ = {isa = PBXBuildFile; fileRef = 08E4641C295E333700F9CDCF /* EmailAndPasswordViewController.swift */; };
		08F0EFD02957A654007D5D95 /* UIResponder+ext.swift in Sources */ = {isa = PBXBuildFile; fileRef = 08F0EFCF2957A654007D5D95 /* UIResponder+ext.swift */; };
/* End PBXBuildFile section */

/* Begin PBXFileReference section */
		08030137296DEDA3009B839C /* Coordinator.swift */ = {isa = PBXFileReference; lastKnownFileType = sourcecode.swift; path = Coordinator.swift; sourceTree = "<group>"; };
		08030139296DEDF2009B839C /* MainCoordinator.swift */ = {isa = PBXFileReference; lastKnownFileType = sourcecode.swift; path = MainCoordinator.swift; sourceTree = "<group>"; };
		08094E1D295265D3008B93B7 /* SignInOptionsViewController.swift */ = {isa = PBXFileReference; lastKnownFileType = sourcecode.swift; path = SignInOptionsViewController.swift; sourceTree = "<group>"; };
		08094E1F295269C0008B93B7 /* LoginPageBuilder.swift */ = {isa = PBXFileReference; lastKnownFileType = sourcecode.swift; path = LoginPageBuilder.swift; sourceTree = "<group>"; };
		08094E2229526EAB008B93B7 /* CustomButton.swift */ = {isa = PBXFileReference; lastKnownFileType = sourcecode.swift; path = CustomButton.swift; sourceTree = "<group>"; };
		08265B7A295DE65A00B04C07 /* SignInError.swift */ = {isa = PBXFileReference; lastKnownFileType = sourcecode.swift; path = SignInError.swift; sourceTree = "<group>"; };
		08265B7C295DE68F00B04C07 /* FirebaseSignIn.swift */ = {isa = PBXFileReference; lastKnownFileType = sourcecode.swift; path = FirebaseSignIn.swift; sourceTree = "<group>"; };
		0846442B296CC5D90039A60B /* UITextView+ext.swift */ = {isa = PBXFileReference; lastKnownFileType = sourcecode.swift; path = "UITextView+ext.swift"; sourceTree = "<group>"; };
		0846442D296CC8710039A60B /* Memory.swift */ = {isa = PBXFileReference; lastKnownFileType = sourcecode.swift; path = Memory.swift; sourceTree = "<group>"; };
		08464430296CCAE40039A60B /* AudioServiceProtocol.swift */ = {isa = PBXFileReference; lastKnownFileType = sourcecode.swift; path = AudioServiceProtocol.swift; sourceTree = "<group>"; };
		084869C0295A1C260006820C /* SignInWithEmailContracts.swift */ = {isa = PBXFileReference; lastKnownFileType = sourcecode.swift; path = SignInWithEmailContracts.swift; sourceTree = "<group>"; };
		084869C2295A1C350006820C /* SignInWithEmailViewModel.swift */ = {isa = PBXFileReference; lastKnownFileType = sourcecode.swift; path = SignInWithEmailViewModel.swift; sourceTree = "<group>"; };
		084869C4295A1C460006820C /* SignInWithEmailBuilder.swift */ = {isa = PBXFileReference; lastKnownFileType = sourcecode.swift; path = SignInWithEmailBuilder.swift; sourceTree = "<group>"; };
		084869C7295A2AF60006820C /* Color+ext.swift */ = {isa = PBXFileReference; lastKnownFileType = sourcecode.swift; path = "Color+ext.swift"; sourceTree = "<group>"; };
		084869C9295A48E50006820C /* RegisterBuilder.swift */ = {isa = PBXFileReference; lastKnownFileType = sourcecode.swift; path = RegisterBuilder.swift; sourceTree = "<group>"; };
		084869CB295A498E0006820C /* RegisterContracts.swift */ = {isa = PBXFileReference; lastKnownFileType = sourcecode.swift; path = RegisterContracts.swift; sourceTree = "<group>"; };
		084869CD295A49D00006820C /* RegisterViewModel.swift */ = {isa = PBXFileReference; lastKnownFileType = sourcecode.swift; path = RegisterViewModel.swift; sourceTree = "<group>"; };
		084869D0295A500D0006820C /* HomeViewController.swift */ = {isa = PBXFileReference; lastKnownFileType = sourcecode.swift; path = HomeViewController.swift; sourceTree = "<group>"; };
		084869D2295A505B0006820C /* HomeBuilder.swift */ = {isa = PBXFileReference; lastKnownFileType = sourcecode.swift; path = HomeBuilder.swift; sourceTree = "<group>"; };
		084869D4295A50FF0006820C /* HomeViewModel.swift */ = {isa = PBXFileReference; lastKnownFileType = sourcecode.swift; path = HomeViewModel.swift; sourceTree = "<group>"; };
		084869D6295A510F0006820C /* HomeContracts.swift */ = {isa = PBXFileReference; lastKnownFileType = sourcecode.swift; path = HomeContracts.swift; sourceTree = "<group>"; };
		085EF467296FB907009D022A /* NewMemoryCoordinator.swift */ = {isa = PBXFileReference; lastKnownFileType = sourcecode.swift; path = NewMemoryCoordinator.swift; sourceTree = "<group>"; };
		085EF469296FC697009D022A /* NewMemoryCoordinatorProtocol.swift */ = {isa = PBXFileReference; lastKnownFileType = sourcecode.swift; path = NewMemoryCoordinatorProtocol.swift; sourceTree = "<group>"; };
		08709EFD295B670E00AD8C78 /* GoogleService-Info.plist */ = {isa = PBXFileReference; fileEncoding = 4; lastKnownFileType = text.plist.xml; path = "GoogleService-Info.plist"; sourceTree = "<group>"; };
		08709F08295B725800AD8C78 /* AuthService.swift */ = {isa = PBXFileReference; lastKnownFileType = sourcecode.swift; path = AuthService.swift; sourceTree = "<group>"; };
		08709F0B295B7E6400AD8C78 /* SignInProvider.swift */ = {isa = PBXFileReference; lastKnownFileType = sourcecode.swift; path = SignInProvider.swift; sourceTree = "<group>"; };
		08709F0E295B7EF500AD8C78 /* FirebaseRegister.swift */ = {isa = PBXFileReference; lastKnownFileType = sourcecode.swift; path = FirebaseRegister.swift; sourceTree = "<group>"; };
		08709F11295B86EB00AD8C78 /* User.swift */ = {isa = PBXFileReference; lastKnownFileType = sourcecode.swift; path = User.swift; sourceTree = "<group>"; };
		087E996E295CC7E000C7437E /* LoadingViewController.swift */ = {isa = PBXFileReference; lastKnownFileType = sourcecode.swift; path = LoadingViewController.swift; sourceTree = "<group>"; };
		087E9970295CC86200C7437E /* LoadingBuilder.swift */ = {isa = PBXFileReference; lastKnownFileType = sourcecode.swift; path = LoadingBuilder.swift; sourceTree = "<group>"; };
		087E9972295CEF9700C7437E /* RegisterError.swift */ = {isa = PBXFileReference; lastKnownFileType = sourcecode.swift; path = RegisterError.swift; sourceTree = "<group>"; };
		087E9974295CEFBC00C7437E /* RegisterError+ext.swift */ = {isa = PBXFileReference; lastKnownFileType = sourcecode.swift; path = "RegisterError+ext.swift"; sourceTree = "<group>"; };
		088FE0AC296209E000A700E4 /* SingInError+ext.swift */ = {isa = PBXFileReference; lastKnownFileType = sourcecode.swift; path = "SingInError+ext.swift"; sourceTree = "<group>"; };
		088FE0B329621E6900A700E4 /* imokey.entitlements */ = {isa = PBXFileReference; lastKnownFileType = text.plist.entitlements; path = imokey.entitlements; sourceTree = "<group>"; };
		0899A8AE29705B3000814711 /* AudioService.swift */ = {isa = PBXFileReference; lastKnownFileType = sourcecode.swift; path = AudioService.swift; sourceTree = "<group>"; };
		08B40A452950E7CB00CDD9CB /* imokey.app */ = {isa = PBXFileReference; explicitFileType = wrapper.application; includeInIndex = 0; path = imokey.app; sourceTree = BUILT_PRODUCTS_DIR; };
		08B40A482950E7CB00CDD9CB /* AppDelegate.swift */ = {isa = PBXFileReference; lastKnownFileType = sourcecode.swift; path = AppDelegate.swift; sourceTree = "<group>"; };
		08B40A4A2950E7CB00CDD9CB /* SceneDelegate.swift */ = {isa = PBXFileReference; lastKnownFileType = sourcecode.swift; path = SceneDelegate.swift; sourceTree = "<group>"; };
		08B40A512950E7CC00CDD9CB /* Assets.xcassets */ = {isa = PBXFileReference; lastKnownFileType = folder.assetcatalog; path = Assets.xcassets; sourceTree = "<group>"; };
		08B40A542950E7CC00CDD9CB /* Base */ = {isa = PBXFileReference; lastKnownFileType = file.storyboard; name = Base; path = Base.lproj/LaunchScreen.storyboard; sourceTree = "<group>"; };
		08B40A562950E7CC00CDD9CB /* Info.plist */ = {isa = PBXFileReference; lastKnownFileType = text.plist.xml; path = Info.plist; sourceTree = "<group>"; };
		08B40A5E2950E8DD00CDD9CB /* LoginPageViewController.swift */ = {isa = PBXFileReference; lastKnownFileType = sourcecode.swift; path = LoginPageViewController.swift; sourceTree = "<group>"; };
		08B40A602951049600CDD9CB /* LoginPageContracts.swift */ = {isa = PBXFileReference; lastKnownFileType = sourcecode.swift; path = LoginPageContracts.swift; sourceTree = "<group>"; };
		08B40A62295104DB00CDD9CB /* LoginPageViewModel.swift */ = {isa = PBXFileReference; lastKnownFileType = sourcecode.swift; path = LoginPageViewModel.swift; sourceTree = "<group>"; };
		08C31AC22968DE8900A9F2E7 /* LocationServiceProtocol.swift */ = {isa = PBXFileReference; lastKnownFileType = sourcecode.swift; path = LocationServiceProtocol.swift; sourceTree = "<group>"; };
		08C31AC42968DEAB00A9F2E7 /* CoreLocationService.swift */ = {isa = PBXFileReference; lastKnownFileType = sourcecode.swift; path = CoreLocationService.swift; sourceTree = "<group>"; };
		08C7519A29565488001D82F5 /* SignInOptionsViewModel.swift */ = {isa = PBXFileReference; lastKnownFileType = sourcecode.swift; path = SignInOptionsViewModel.swift; sourceTree = "<group>"; };
		08C7519D295654B1001D82F5 /* SignInOptionsContracts.swift */ = {isa = PBXFileReference; lastKnownFileType = sourcecode.swift; path = SignInOptionsContracts.swift; sourceTree = "<group>"; };
		08C7519F295654CD001D82F5 /* SignInOptionsBuilder.swift */ = {isa = PBXFileReference; lastKnownFileType = sourcecode.swift; path = SignInOptionsBuilder.swift; sourceTree = "<group>"; };
		08C751A229567125001D82F5 /* RegisterViewController.swift */ = {isa = PBXFileReference; lastKnownFileType = sourcecode.swift; path = RegisterViewController.swift; sourceTree = "<group>"; };
		08CFA845296837160099BFE7 /* NewMemoryViewModel.swift */ = {isa = PBXFileReference; lastKnownFileType = sourcecode.swift; path = NewMemoryViewModel.swift; sourceTree = "<group>"; };
		08CFA847296838350099BFE7 /* NewMemoryViewController.swift */ = {isa = PBXFileReference; lastKnownFileType = sourcecode.swift; path = NewMemoryViewController.swift; sourceTree = "<group>"; };
		08CFA8492968384A0099BFE7 /* NewMemoryBuilder.swift */ = {isa = PBXFileReference; lastKnownFileType = sourcecode.swift; path = NewMemoryBuilder.swift; sourceTree = "<group>"; };
		08CFA84B2968385F0099BFE7 /* NewMemoryContracts.swift */ = {isa = PBXFileReference; lastKnownFileType = sourcecode.swift; path = NewMemoryContracts.swift; sourceTree = "<group>"; };
		08D5AFD429551BB200E9B489 /* SignInWithEmailViewController.swift */ = {isa = PBXFileReference; lastKnownFileType = sourcecode.swift; path = SignInWithEmailViewController.swift; sourceTree = "<group>"; };
		08E4641C295E333700F9CDCF /* EmailAndPasswordViewController.swift */ = {isa = PBXFileReference; lastKnownFileType = sourcecode.swift; path = EmailAndPasswordViewController.swift; sourceTree = "<group>"; };
		08F0EFCF2957A654007D5D95 /* UIResponder+ext.swift */ = {isa = PBXFileReference; lastKnownFileType = sourcecode.swift; path = "UIResponder+ext.swift"; sourceTree = "<group>"; };
/* End PBXFileReference section */

/* Begin PBXFrameworksBuildPhase section */
		08B40A422950E7CB00CDD9CB /* Frameworks */ = {
			isa = PBXFrameworksBuildPhase;
			buildActionMask = 2147483647;
			files = (
				0806F2EA2964C97E009D5149 /* FirebaseFirestoreSwift in Frameworks */,
				0806F2E42964C97E009D5149 /* FirebaseAnalytics in Frameworks */,
				0806F2E82964C97E009D5149 /* FirebaseFirestore in Frameworks */,
				0806F2E62964C97E009D5149 /* FirebaseAuth in Frameworks */,
			);
			runOnlyForDeploymentPostprocessing = 0;
		};
/* End PBXFrameworksBuildPhase section */

/* Begin PBXGroup section */
		08030136296DED93009B839C /* Navigation */ = {
			isa = PBXGroup;
			children = (
				08030137296DEDA3009B839C /* Coordinator.swift */,
				08030139296DEDF2009B839C /* MainCoordinator.swift */,
				085EF467296FB907009D022A /* NewMemoryCoordinator.swift */,
			);
			path = Navigation;
			sourceTree = "<group>";
		};
		08094E1C295265BE008B93B7 /* SignInOptions */ = {
			isa = PBXGroup;
			children = (
				08C7519C29565491001D82F5 /* SignInWithEmail */,
				08094E1D295265D3008B93B7 /* SignInOptionsViewController.swift */,
				08C7519A29565488001D82F5 /* SignInOptionsViewModel.swift */,
				08C7519D295654B1001D82F5 /* SignInOptionsContracts.swift */,
				08C7519F295654CD001D82F5 /* SignInOptionsBuilder.swift */,
			);
			path = SignInOptions;
			sourceTree = "<group>";
		};
		08094E2129526E8D008B93B7 /* Component */ = {
			isa = PBXGroup;
			children = (
				087E996D295CC7CF00C7437E /* Loading */,
				08094E2229526EAB008B93B7 /* CustomButton.swift */,
				08E4641C295E333700F9CDCF /* EmailAndPasswordViewController.swift */,
			);
			path = Component;
			sourceTree = "<group>";
		};
		0846442F296CCACC0039A60B /* Audio */ = {
			isa = PBXGroup;
			children = (
				08464430296CCAE40039A60B /* AudioServiceProtocol.swift */,
				0899A8AE29705B3000814711 /* AudioService.swift */,
			);
			path = Audio;
			sourceTree = "<group>";
		};
		084869C6295A2AE40006820C /* Extensions */ = {
			isa = PBXGroup;
			children = (
				08F0EFCF2957A654007D5D95 /* UIResponder+ext.swift */,
				084869C7295A2AF60006820C /* Color+ext.swift */,
				087E9974295CEFBC00C7437E /* RegisterError+ext.swift */,
				088FE0AC296209E000A700E4 /* SingInError+ext.swift */,
				0846442B296CC5D90039A60B /* UITextView+ext.swift */,
			);
			path = Extensions;
			sourceTree = "<group>";
		};
		084869CF295A4FEC0006820C /* Home */ = {
			isa = PBXGroup;
			children = (
				084869D0295A500D0006820C /* HomeViewController.swift */,
				084869D2295A505B0006820C /* HomeBuilder.swift */,
				084869D4295A50FF0006820C /* HomeViewModel.swift */,
				084869D6295A510F0006820C /* HomeContracts.swift */,
			);
			path = Home;
			sourceTree = "<group>";
		};
		084869D8295A626C0006820C /* Service */ = {
			isa = PBXGroup;
			children = (
				08030136296DED93009B839C /* Navigation */,
				0846442F296CCACC0039A60B /* Audio */,
				08C31AC12968DCFC00A9F2E7 /* Location */,
				08C31AC02968D68800A9F2E7 /* Database */,
				08709F0D295B7EE500AD8C78 /* Auth */,
			);
			path = Service;
			sourceTree = "<group>";
		};
		08709F0A295B7E5600AD8C78 /* Enum */ = {
			isa = PBXGroup;
			children = (
				08709F0B295B7E6400AD8C78 /* SignInProvider.swift */,
				087E9972295CEF9700C7437E /* RegisterError.swift */,
				08265B7A295DE65A00B04C07 /* SignInError.swift */,
			);
			path = Enum;
			sourceTree = "<group>";
		};
		08709F0D295B7EE500AD8C78 /* Auth */ = {
			isa = PBXGroup;
			children = (
				08709F08295B725800AD8C78 /* AuthService.swift */,
				08709F0E295B7EF500AD8C78 /* FirebaseRegister.swift */,
				08265B7C295DE68F00B04C07 /* FirebaseSignIn.swift */,
			);
			path = Auth;
			sourceTree = "<group>";
		};
		08709F10295B86D200AD8C78 /* Models */ = {
			isa = PBXGroup;
			children = (
				08709F11295B86EB00AD8C78 /* User.swift */,
				0846442D296CC8710039A60B /* Memory.swift */,
			);
			path = Models;
			sourceTree = "<group>";
		};
		087E996D295CC7CF00C7437E /* Loading */ = {
			isa = PBXGroup;
			children = (
				087E996E295CC7E000C7437E /* LoadingViewController.swift */,
				087E9970295CC86200C7437E /* LoadingBuilder.swift */,
			);
			path = Loading;
			sourceTree = "<group>";
		};
		08B40A3C2950E7CB00CDD9CB = {
			isa = PBXGroup;
			children = (
				08B40A472950E7CB00CDD9CB /* imokey */,
				08B40A462950E7CB00CDD9CB /* Products */,
			);
			sourceTree = "<group>";
		};
		08B40A462950E7CB00CDD9CB /* Products */ = {
			isa = PBXGroup;
			children = (
				08B40A452950E7CB00CDD9CB /* imokey.app */,
			);
			name = Products;
			sourceTree = "<group>";
		};
		08B40A472950E7CB00CDD9CB /* imokey */ = {
			isa = PBXGroup;
			children = (
				088FE0B329621E6900A700E4 /* imokey.entitlements */,
				08709F10295B86D200AD8C78 /* Models */,
				08709F0A295B7E5600AD8C78 /* Enum */,
				084869D8295A626C0006820C /* Service */,
				084869C6295A2AE40006820C /* Extensions */,
				08094E2129526E8D008B93B7 /* Component */,
				08B40A5C2950E89900CDD9CB /* View */,
				08B40A482950E7CB00CDD9CB /* AppDelegate.swift */,
				08B40A4A2950E7CB00CDD9CB /* SceneDelegate.swift */,
				08B40A512950E7CC00CDD9CB /* Assets.xcassets */,
				08B40A532950E7CC00CDD9CB /* LaunchScreen.storyboard */,
				08B40A562950E7CC00CDD9CB /* Info.plist */,
				08709EFD295B670E00AD8C78 /* GoogleService-Info.plist */,
			);
			path = imokey;
			sourceTree = "<group>";
		};
		08B40A5C2950E89900CDD9CB /* View */ = {
			isa = PBXGroup;
			children = (
				08CFA844296836F00099BFE7 /* NewMemory */,
				084869CF295A4FEC0006820C /* Home */,
				08B40A5D2950E8A800CDD9CB /* Login */,
			);
			path = View;
			sourceTree = "<group>";
		};
		08B40A5D2950E8A800CDD9CB /* Login */ = {
			isa = PBXGroup;
			children = (
				08C751A129566BBB001D82F5 /* RegisterOption */,
				08094E1C295265BE008B93B7 /* SignInOptions */,
				08B40A5E2950E8DD00CDD9CB /* LoginPageViewController.swift */,
				08B40A602951049600CDD9CB /* LoginPageContracts.swift */,
				08B40A62295104DB00CDD9CB /* LoginPageViewModel.swift */,
				08094E1F295269C0008B93B7 /* LoginPageBuilder.swift */,
			);
			path = Login;
			sourceTree = "<group>";
		};
		08C31AC02968D68800A9F2E7 /* Database */ = {
			isa = PBXGroup;
			children = (
			);
			path = Database;
			sourceTree = "<group>";
		};
		08C31AC12968DCFC00A9F2E7 /* Location */ = {
			isa = PBXGroup;
			children = (
				08C31AC22968DE8900A9F2E7 /* LocationServiceProtocol.swift */,
				08C31AC42968DEAB00A9F2E7 /* CoreLocationService.swift */,
			);
			path = Location;
			sourceTree = "<group>";
		};
		08C7519C29565491001D82F5 /* SignInWithEmail */ = {
			isa = PBXGroup;
			children = (
				08D5AFD429551BB200E9B489 /* SignInWithEmailViewController.swift */,
				084869C0295A1C260006820C /* SignInWithEmailContracts.swift */,
				084869C2295A1C350006820C /* SignInWithEmailViewModel.swift */,
				084869C4295A1C460006820C /* SignInWithEmailBuilder.swift */,
			);
			path = SignInWithEmail;
			sourceTree = "<group>";
		};
		08C751A129566BBB001D82F5 /* RegisterOption */ = {
			isa = PBXGroup;
			children = (
				08C751A229567125001D82F5 /* RegisterViewController.swift */,
				084869C9295A48E50006820C /* RegisterBuilder.swift */,
				084869CB295A498E0006820C /* RegisterContracts.swift */,
				084869CD295A49D00006820C /* RegisterViewModel.swift */,
			);
			path = RegisterOption;
			sourceTree = "<group>";
		};
		08CFA844296836F00099BFE7 /* NewMemory */ = {
			isa = PBXGroup;
			children = (
				08CFA845296837160099BFE7 /* NewMemoryViewModel.swift */,
				08CFA847296838350099BFE7 /* NewMemoryViewController.swift */,
				08CFA8492968384A0099BFE7 /* NewMemoryBuilder.swift */,
				08CFA84B2968385F0099BFE7 /* NewMemoryContracts.swift */,
				085EF469296FC697009D022A /* NewMemoryCoordinatorProtocol.swift */,
			);
			path = NewMemory;
			sourceTree = "<group>";
		};
/* End PBXGroup section */

/* Begin PBXNativeTarget section */
		08B40A442950E7CB00CDD9CB /* imokey */ = {
			isa = PBXNativeTarget;
			buildConfigurationList = 08B40A592950E7CC00CDD9CB /* Build configuration list for PBXNativeTarget "imokey" */;
			buildPhases = (
				08B40A412950E7CB00CDD9CB /* Sources */,
				08B40A422950E7CB00CDD9CB /* Frameworks */,
				08B40A432950E7CB00CDD9CB /* Resources */,
			);
			buildRules = (
			);
			dependencies = (
			);
			name = imokey;
			packageProductDependencies = (
				0806F2E32964C97E009D5149 /* FirebaseAnalytics */,
				0806F2E52964C97E009D5149 /* FirebaseAuth */,
				0806F2E72964C97E009D5149 /* FirebaseFirestore */,
				0806F2E92964C97E009D5149 /* FirebaseFirestoreSwift */,
			);
			productName = imokey;
			productReference = 08B40A452950E7CB00CDD9CB /* imokey.app */;
			productType = "com.apple.product-type.application";
		};
/* End PBXNativeTarget section */

/* Begin PBXProject section */
		08B40A3D2950E7CB00CDD9CB /* Project object */ = {
			isa = PBXProject;
			attributes = {
				BuildIndependentTargetsInParallel = 1;
				LastSwiftUpdateCheck = 1400;
				LastUpgradeCheck = 1400;
				TargetAttributes = {
					08B40A442950E7CB00CDD9CB = {
						CreatedOnToolsVersion = 14.0.1;
					};
				};
			};
			buildConfigurationList = 08B40A402950E7CB00CDD9CB /* Build configuration list for PBXProject "imokey" */;
			compatibilityVersion = "Xcode 14.0";
			developmentRegion = en;
			hasScannedForEncodings = 0;
			knownRegions = (
				en,
				Base,
			);
			mainGroup = 08B40A3C2950E7CB00CDD9CB;
			packageReferences = (
				0806F2E22964C97E009D5149 /* XCRemoteSwiftPackageReference "firebase-ios-sdk" */,
			);
			productRefGroup = 08B40A462950E7CB00CDD9CB /* Products */;
			projectDirPath = "";
			projectRoot = "";
			targets = (
				08B40A442950E7CB00CDD9CB /* imokey */,
			);
		};
/* End PBXProject section */

/* Begin PBXResourcesBuildPhase section */
		08B40A432950E7CB00CDD9CB /* Resources */ = {
			isa = PBXResourcesBuildPhase;
			buildActionMask = 2147483647;
			files = (
				08B40A552950E7CC00CDD9CB /* LaunchScreen.storyboard in Resources */,
				08B40A522950E7CC00CDD9CB /* Assets.xcassets in Resources */,
				08709EFE295B670E00AD8C78 /* GoogleService-Info.plist in Resources */,
			);
			runOnlyForDeploymentPostprocessing = 0;
		};
/* End PBXResourcesBuildPhase section */

/* Begin PBXSourcesBuildPhase section */
		08B40A412950E7CB00CDD9CB /* Sources */ = {
			isa = PBXSourcesBuildPhase;
			buildActionMask = 2147483647;
			files = (
				08464431296CCAE40039A60B /* AudioServiceProtocol.swift in Sources */,
				088FE0AD296209E000A700E4 /* SingInError+ext.swift in Sources */,
				08030138296DEDA3009B839C /* Coordinator.swift in Sources */,
				084869CA295A48E50006820C /* RegisterBuilder.swift in Sources */,
				084869C8295A2AF60006820C /* Color+ext.swift in Sources */,
				08C7519E295654B1001D82F5 /* SignInOptionsContracts.swift in Sources */,
				08094E1E295265D3008B93B7 /* SignInOptionsViewController.swift in Sources */,
				08094E2329526EAB008B93B7 /* CustomButton.swift in Sources */,
				08B40A5F2950E8DD00CDD9CB /* LoginPageViewController.swift in Sources */,
				08B40A492950E7CB00CDD9CB /* AppDelegate.swift in Sources */,
				087E9973295CEF9700C7437E /* RegisterError.swift in Sources */,
				08E4641D295E333700F9CDCF /* EmailAndPasswordViewController.swift in Sources */,
				08709F12295B86EB00AD8C78 /* User.swift in Sources */,
				08709F0F295B7EF500AD8C78 /* FirebaseRegister.swift in Sources */,
				084869C3295A1C350006820C /* SignInWithEmailViewModel.swift in Sources */,
				084869C1295A1C260006820C /* SignInWithEmailContracts.swift in Sources */,
				085EF46A296FC697009D022A /* NewMemoryCoordinatorProtocol.swift in Sources */,
				08265B7B295DE65A00B04C07 /* SignInError.swift in Sources */,
				084869D1295A500D0006820C /* HomeViewController.swift in Sources */,
				08C751A0295654CD001D82F5 /* SignInOptionsBuilder.swift in Sources */,
				08B40A4B2950E7CB00CDD9CB /* SceneDelegate.swift in Sources */,
				0846442E296CC8710039A60B /* Memory.swift in Sources */,
				08C31AC52968DEAB00A9F2E7 /* CoreLocationService.swift in Sources */,
				084869D7295A510F0006820C /* HomeContracts.swift in Sources */,
				084869D3295A505B0006820C /* HomeBuilder.swift in Sources */,
				08CFA846296837160099BFE7 /* NewMemoryViewModel.swift in Sources */,
				0803013A296DEDF2009B839C /* MainCoordinator.swift in Sources */,
				084869D5295A50FF0006820C /* HomeViewModel.swift in Sources */,
				08709F0C295B7E6400AD8C78 /* SignInProvider.swift in Sources */,
				08CFA848296838350099BFE7 /* NewMemoryViewController.swift in Sources */,
				0846442C296CC5D90039A60B /* UITextView+ext.swift in Sources */,
				08265B7D295DE68F00B04C07 /* FirebaseSignIn.swift in Sources */,
				0899A8AF29705B3000814711 /* AudioService.swift in Sources */,
				084869C5295A1C460006820C /* SignInWithEmailBuilder.swift in Sources */,
				087E9971295CC86200C7437E /* LoadingBuilder.swift in Sources */,
				08CFA84A2968384A0099BFE7 /* NewMemoryBuilder.swift in Sources */,
				08C7519B29565488001D82F5 /* SignInOptionsViewModel.swift in Sources */,
				087E9975295CEFBC00C7437E /* RegisterError+ext.swift in Sources */,
				08F0EFD02957A654007D5D95 /* UIResponder+ext.swift in Sources */,
				084869CE295A49D00006820C /* RegisterViewModel.swift in Sources */,
				08C751A329567125001D82F5 /* RegisterViewController.swift in Sources */,
				08CFA84C2968385F0099BFE7 /* NewMemoryContracts.swift in Sources */,
				08C31AC32968DE8900A9F2E7 /* LocationServiceProtocol.swift in Sources */,
				08709F09295B725800AD8C78 /* AuthService.swift in Sources */,
				087E996F295CC7E000C7437E /* LoadingViewController.swift in Sources */,
				08B40A612951049600CDD9CB /* LoginPageContracts.swift in Sources */,
				084869CC295A498E0006820C /* RegisterContracts.swift in Sources */,
				08D5AFD529551BB200E9B489 /* SignInWithEmailViewController.swift in Sources */,
				08094E20295269C0008B93B7 /* LoginPageBuilder.swift in Sources */,
				08B40A63295104DB00CDD9CB /* LoginPageViewModel.swift in Sources */,
				085EF468296FB907009D022A /* NewMemoryCoordinator.swift in Sources */,
			);
			runOnlyForDeploymentPostprocessing = 0;
		};
/* End PBXSourcesBuildPhase section */

/* Begin PBXVariantGroup section */
		08B40A532950E7CC00CDD9CB /* LaunchScreen.storyboard */ = {
			isa = PBXVariantGroup;
			children = (
				08B40A542950E7CC00CDD9CB /* Base */,
			);
			name = LaunchScreen.storyboard;
			sourceTree = "<group>";
		};
/* End PBXVariantGroup section */

/* Begin XCBuildConfiguration section */
		08B40A572950E7CC00CDD9CB /* Debug */ = {
			isa = XCBuildConfiguration;
			buildSettings = {
				ALWAYS_SEARCH_USER_PATHS = NO;
				CLANG_ANALYZER_NONNULL = YES;
				CLANG_ANALYZER_NUMBER_OBJECT_CONVERSION = YES_AGGRESSIVE;
				CLANG_CXX_LANGUAGE_STANDARD = "gnu++20";
				CLANG_ENABLE_MODULES = YES;
				CLANG_ENABLE_OBJC_ARC = YES;
				CLANG_ENABLE_OBJC_WEAK = YES;
				CLANG_WARN_BLOCK_CAPTURE_AUTORELEASING = YES;
				CLANG_WARN_BOOL_CONVERSION = YES;
				CLANG_WARN_COMMA = YES;
				CLANG_WARN_CONSTANT_CONVERSION = YES;
				CLANG_WARN_DEPRECATED_OBJC_IMPLEMENTATIONS = YES;
				CLANG_WARN_DIRECT_OBJC_ISA_USAGE = YES_ERROR;
				CLANG_WARN_DOCUMENTATION_COMMENTS = YES;
				CLANG_WARN_EMPTY_BODY = YES;
				CLANG_WARN_ENUM_CONVERSION = YES;
				CLANG_WARN_INFINITE_RECURSION = YES;
				CLANG_WARN_INT_CONVERSION = YES;
				CLANG_WARN_NON_LITERAL_NULL_CONVERSION = YES;
				CLANG_WARN_OBJC_IMPLICIT_RETAIN_SELF = YES;
				CLANG_WARN_OBJC_LITERAL_CONVERSION = YES;
				CLANG_WARN_OBJC_ROOT_CLASS = YES_ERROR;
				CLANG_WARN_QUOTED_INCLUDE_IN_FRAMEWORK_HEADER = YES;
				CLANG_WARN_RANGE_LOOP_ANALYSIS = YES;
				CLANG_WARN_STRICT_PROTOTYPES = YES;
				CLANG_WARN_SUSPICIOUS_MOVE = YES;
				CLANG_WARN_UNGUARDED_AVAILABILITY = YES_AGGRESSIVE;
				CLANG_WARN_UNREACHABLE_CODE = YES;
				CLANG_WARN__DUPLICATE_METHOD_MATCH = YES;
				COPY_PHASE_STRIP = NO;
				DEBUG_INFORMATION_FORMAT = dwarf;
				ENABLE_STRICT_OBJC_MSGSEND = YES;
				ENABLE_TESTABILITY = YES;
				GCC_C_LANGUAGE_STANDARD = gnu11;
				GCC_DYNAMIC_NO_PIC = NO;
				GCC_NO_COMMON_BLOCKS = YES;
				GCC_OPTIMIZATION_LEVEL = 0;
				GCC_PREPROCESSOR_DEFINITIONS = (
					"DEBUG=1",
					"$(inherited)",
				);
				GCC_WARN_64_TO_32_BIT_CONVERSION = YES;
				GCC_WARN_ABOUT_RETURN_TYPE = YES_ERROR;
				GCC_WARN_UNDECLARED_SELECTOR = YES;
				GCC_WARN_UNINITIALIZED_AUTOS = YES_AGGRESSIVE;
				GCC_WARN_UNUSED_FUNCTION = YES;
				GCC_WARN_UNUSED_VARIABLE = YES;
				IPHONEOS_DEPLOYMENT_TARGET = 16.0;
				MTL_ENABLE_DEBUG_INFO = INCLUDE_SOURCE;
				MTL_FAST_MATH = YES;
				ONLY_ACTIVE_ARCH = YES;
				SDKROOT = iphoneos;
				SWIFT_ACTIVE_COMPILATION_CONDITIONS = DEBUG;
				SWIFT_OPTIMIZATION_LEVEL = "-Onone";
			};
			name = Debug;
		};
		08B40A582950E7CC00CDD9CB /* Release */ = {
			isa = XCBuildConfiguration;
			buildSettings = {
				ALWAYS_SEARCH_USER_PATHS = NO;
				CLANG_ANALYZER_NONNULL = YES;
				CLANG_ANALYZER_NUMBER_OBJECT_CONVERSION = YES_AGGRESSIVE;
				CLANG_CXX_LANGUAGE_STANDARD = "gnu++20";
				CLANG_ENABLE_MODULES = YES;
				CLANG_ENABLE_OBJC_ARC = YES;
				CLANG_ENABLE_OBJC_WEAK = YES;
				CLANG_WARN_BLOCK_CAPTURE_AUTORELEASING = YES;
				CLANG_WARN_BOOL_CONVERSION = YES;
				CLANG_WARN_COMMA = YES;
				CLANG_WARN_CONSTANT_CONVERSION = YES;
				CLANG_WARN_DEPRECATED_OBJC_IMPLEMENTATIONS = YES;
				CLANG_WARN_DIRECT_OBJC_ISA_USAGE = YES_ERROR;
				CLANG_WARN_DOCUMENTATION_COMMENTS = YES;
				CLANG_WARN_EMPTY_BODY = YES;
				CLANG_WARN_ENUM_CONVERSION = YES;
				CLANG_WARN_INFINITE_RECURSION = YES;
				CLANG_WARN_INT_CONVERSION = YES;
				CLANG_WARN_NON_LITERAL_NULL_CONVERSION = YES;
				CLANG_WARN_OBJC_IMPLICIT_RETAIN_SELF = YES;
				CLANG_WARN_OBJC_LITERAL_CONVERSION = YES;
				CLANG_WARN_OBJC_ROOT_CLASS = YES_ERROR;
				CLANG_WARN_QUOTED_INCLUDE_IN_FRAMEWORK_HEADER = YES;
				CLANG_WARN_RANGE_LOOP_ANALYSIS = YES;
				CLANG_WARN_STRICT_PROTOTYPES = YES;
				CLANG_WARN_SUSPICIOUS_MOVE = YES;
				CLANG_WARN_UNGUARDED_AVAILABILITY = YES_AGGRESSIVE;
				CLANG_WARN_UNREACHABLE_CODE = YES;
				CLANG_WARN__DUPLICATE_METHOD_MATCH = YES;
				COPY_PHASE_STRIP = NO;
				DEBUG_INFORMATION_FORMAT = "dwarf-with-dsym";
				ENABLE_NS_ASSERTIONS = NO;
				ENABLE_STRICT_OBJC_MSGSEND = YES;
				GCC_C_LANGUAGE_STANDARD = gnu11;
				GCC_NO_COMMON_BLOCKS = YES;
				GCC_WARN_64_TO_32_BIT_CONVERSION = YES;
				GCC_WARN_ABOUT_RETURN_TYPE = YES_ERROR;
				GCC_WARN_UNDECLARED_SELECTOR = YES;
				GCC_WARN_UNINITIALIZED_AUTOS = YES_AGGRESSIVE;
				GCC_WARN_UNUSED_FUNCTION = YES;
				GCC_WARN_UNUSED_VARIABLE = YES;
				IPHONEOS_DEPLOYMENT_TARGET = 16.0;
				MTL_ENABLE_DEBUG_INFO = NO;
				MTL_FAST_MATH = YES;
				SDKROOT = iphoneos;
				SWIFT_COMPILATION_MODE = wholemodule;
				SWIFT_OPTIMIZATION_LEVEL = "-O";
				VALIDATE_PRODUCT = YES;
			};
			name = Release;
		};
		08B40A5A2950E7CC00CDD9CB /* Debug */ = {
			isa = XCBuildConfiguration;
			buildSettings = {
				ASSETCATALOG_COMPILER_APPICON_NAME = AppIcon;
				ASSETCATALOG_COMPILER_GLOBAL_ACCENT_COLOR_NAME = AccentColor;
				CODE_SIGN_ENTITLEMENTS = imokey/imokey.entitlements;
				CODE_SIGN_STYLE = Automatic;
				CURRENT_PROJECT_VERSION = 1;
				DEVELOPMENT_TEAM = HRD7AXL786;
				GENERATE_INFOPLIST_FILE = YES;
				INFOPLIST_FILE = imokey/Info.plist;
				INFOPLIST_KEY_NSLocationWhenInUseUsageDescription = "This app needs to know location to add memory";
				INFOPLIST_KEY_NSMicrophoneUsageDescription = "We neeed";
				INFOPLIST_KEY_UIApplicationSupportsIndirectInputEvents = YES;
				INFOPLIST_KEY_UILaunchStoryboardName = LaunchScreen;
				INFOPLIST_KEY_UISupportedInterfaceOrientations_iPad = "UIInterfaceOrientationPortrait UIInterfaceOrientationPortraitUpsideDown UIInterfaceOrientationLandscapeLeft UIInterfaceOrientationLandscapeRight";
				INFOPLIST_KEY_UISupportedInterfaceOrientations_iPhone = "UIInterfaceOrientationPortrait UIInterfaceOrientationLandscapeLeft UIInterfaceOrientationLandscapeRight";
				IPHONEOS_DEPLOYMENT_TARGET = 15.0;
				LD_RUNPATH_SEARCH_PATHS = (
					"$(inherited)",
					"@executable_path/Frameworks",
				);
				MARKETING_VERSION = 1.0;
				PRODUCT_BUNDLE_IDENTIFIER = com.yucedagemre.imokey;
				PRODUCT_NAME = "$(TARGET_NAME)";
				SWIFT_EMIT_LOC_STRINGS = YES;
				SWIFT_VERSION = 5.0;
				TARGETED_DEVICE_FAMILY = "1,2";
			};
			name = Debug;
		};
		08B40A5B2950E7CC00CDD9CB /* Release */ = {
			isa = XCBuildConfiguration;
			buildSettings = {
				ASSETCATALOG_COMPILER_APPICON_NAME = AppIcon;
				ASSETCATALOG_COMPILER_GLOBAL_ACCENT_COLOR_NAME = AccentColor;
				CODE_SIGN_ENTITLEMENTS = imokey/imokey.entitlements;
				CODE_SIGN_STYLE = Automatic;
				CURRENT_PROJECT_VERSION = 1;
				DEVELOPMENT_TEAM = HRD7AXL786;
				GENERATE_INFOPLIST_FILE = YES;
				INFOPLIST_FILE = imokey/Info.plist;
				INFOPLIST_KEY_NSLocationWhenInUseUsageDescription = "This app needs to know location to add memory";
				INFOPLIST_KEY_NSMicrophoneUsageDescription = "We neeed";
				INFOPLIST_KEY_UIApplicationSupportsIndirectInputEvents = YES;
				INFOPLIST_KEY_UILaunchStoryboardName = LaunchScreen;
				INFOPLIST_KEY_UISupportedInterfaceOrientations_iPad = "UIInterfaceOrientationPortrait UIInterfaceOrientationPortraitUpsideDown UIInterfaceOrientationLandscapeLeft UIInterfaceOrientationLandscapeRight";
				INFOPLIST_KEY_UISupportedInterfaceOrientations_iPhone = "UIInterfaceOrientationPortrait UIInterfaceOrientationLandscapeLeft UIInterfaceOrientationLandscapeRight";
				IPHONEOS_DEPLOYMENT_TARGET = 15.0;
				LD_RUNPATH_SEARCH_PATHS = (
					"$(inherited)",
					"@executable_path/Frameworks",
				);
				MARKETING_VERSION = 1.0;
				PRODUCT_BUNDLE_IDENTIFIER = com.yucedagemre.imokey;
				PRODUCT_NAME = "$(TARGET_NAME)";
				SWIFT_EMIT_LOC_STRINGS = YES;
				SWIFT_VERSION = 5.0;
				TARGETED_DEVICE_FAMILY = "1,2";
			};
			name = Release;
		};
/* End XCBuildConfiguration section */

/* Begin XCConfigurationList section */
		08B40A402950E7CB00CDD9CB /* Build configuration list for PBXProject "imokey" */ = {
			isa = XCConfigurationList;
			buildConfigurations = (
				08B40A572950E7CC00CDD9CB /* Debug */,
				08B40A582950E7CC00CDD9CB /* Release */,
			);
			defaultConfigurationIsVisible = 0;
			defaultConfigurationName = Release;
		};
		08B40A592950E7CC00CDD9CB /* Build configuration list for PBXNativeTarget "imokey" */ = {
			isa = XCConfigurationList;
			buildConfigurations = (
				08B40A5A2950E7CC00CDD9CB /* Debug */,
				08B40A5B2950E7CC00CDD9CB /* Release */,
			);
			defaultConfigurationIsVisible = 0;
			defaultConfigurationName = Release;
		};
/* End XCConfigurationList section */

/* Begin XCRemoteSwiftPackageReference section */
		0806F2E22964C97E009D5149 /* XCRemoteSwiftPackageReference "firebase-ios-sdk" */ = {
			isa = XCRemoteSwiftPackageReference;
			repositoryURL = "https://github.com/firebase/firebase-ios-sdk";
			requirement = {
				kind = upToNextMajorVersion;
				minimumVersion = 9.0.0;
			};
		};
/* End XCRemoteSwiftPackageReference section */

/* Begin XCSwiftPackageProductDependency section */
		0806F2E32964C97E009D5149 /* FirebaseAnalytics */ = {
			isa = XCSwiftPackageProductDependency;
			package = 0806F2E22964C97E009D5149 /* XCRemoteSwiftPackageReference "firebase-ios-sdk" */;
			productName = FirebaseAnalytics;
		};
		0806F2E52964C97E009D5149 /* FirebaseAuth */ = {
			isa = XCSwiftPackageProductDependency;
			package = 0806F2E22964C97E009D5149 /* XCRemoteSwiftPackageReference "firebase-ios-sdk" */;
			productName = FirebaseAuth;
		};
		0806F2E72964C97E009D5149 /* FirebaseFirestore */ = {
			isa = XCSwiftPackageProductDependency;
			package = 0806F2E22964C97E009D5149 /* XCRemoteSwiftPackageReference "firebase-ios-sdk" */;
			productName = FirebaseFirestore;
		};
		0806F2E92964C97E009D5149 /* FirebaseFirestoreSwift */ = {
			isa = XCSwiftPackageProductDependency;
			package = 0806F2E22964C97E009D5149 /* XCRemoteSwiftPackageReference "firebase-ios-sdk" */;
			productName = FirebaseFirestoreSwift;
		};
/* End XCSwiftPackageProductDependency section */
	};
	rootObject = 08B40A3D2950E7CB00CDD9CB /* Project object */;
}
